
Microsoft Visual Studio Solution File, Format Version 12.00
# Visual Studio Version 16
VisualStudioVersion = 16.0.30517.126
MinimumVisualStudioVersion = 10.0.40219.1
Project("{FAE04EC0-301F-11D3-BF4B-00C04F79EFBC}") = "lab_1_ooap", "lab_1_ooap\lab_1_ooap.csproj", "{220707B8-90C0-4162-8B61-B13CB965AC2D}"
EndProject
Global
	GlobalSection(SolutionConfigurationPlatforms) = preSolution
		Debug|Any CPU = Debug|Any CPU
		Release|Any CPU = Release|Any CPU
	EndGlobalSection
	GlobalSection(ProjectConfigurationPlatforms) = postSolution
		{220707B8-90C0-4162-8B61-B13CB965AC2D}.Debug|Any CPU.ActiveCfg = Debug|Any CPU
		{220707B8-90C0-4162-8B61-B13CB965AC2D}.Debug|Any CPU.Build.0 = Debug|Any CPU
		{220707B8-90C0-4162-8B61-B13CB965AC2D}.Release|Any CPU.ActiveCfg = Release|Any CPU
		{220707B8-90C0-4162-8B61-B13CB965AC2D}.Release|Any CPU.Build.0 = Release|Any CPU
	EndGlobalSection
	GlobalSection(SolutionProperties) = preSolution
		HideSolutionNode = FALSE
	EndGlobalSection
	GlobalSection(ExtensibilityGlobals) = postSolution
		SolutionGuid = {E76C6420-9596-41E9-B1A4-323FFC90178C}
	EndGlobalSection
EndGlobal
